
Microsoft Visual Studio Solution File, Format Version 12.00
# Visual Studio Version 16
VisualStudioVersion = 16.0.30104.148
MinimumVisualStudioVersion = 10.0.40219.1
Project("{FAE04EC0-301F-11D3-BF4B-00C04F79EFBC}") = "2article3_2", "2article3_2\2article3_2.csproj", "{30AE3817-A59C-4401-914F-97C4FE3FA925}"
EndProject
Global
	GlobalSection(SolutionConfigurationPlatforms) = preSolution
		Debug|Any CPU = Debug|Any CPU
		Release|Any CPU = Release|Any CPU
	EndGlobalSection
	GlobalSection(ProjectConfigurationPlatforms) = postSolution
		{30AE3817-A59C-4401-914F-97C4FE3FA925}.Debug|Any CPU.ActiveCfg = Debug|Any CPU
		{30AE3817-A59C-4401-914F-97C4FE3FA925}.Debug|Any CPU.Build.0 = Debug|Any CPU
		{30AE3817-A59C-4401-914F-97C4FE3FA925}.Release|Any CPU.ActiveCfg = Release|Any CPU
		{30AE3817-A59C-4401-914F-97C4FE3FA925}.Release|Any CPU.Build.0 = Release|Any CPU
	EndGlobalSection
	GlobalSection(SolutionProperties) = preSolution
		HideSolutionNode = FALSE
	EndGlobalSection
	GlobalSection(ExtensibilityGlobals) = postSolution
		SolutionGuid = {DD5C27CA-9594-4AB6-8D96-A76BAC90FB14}
	EndGlobalSection
EndGlobal
